
Microsoft Visual Studio Solution File, Format Version 12.00
# Visual Studio Version 16
VisualStudioVersion = 16.0.30128.74
MinimumVisualStudioVersion = 10.0.40219.1
Project("{FAE04EC0-301F-11D3-BF4B-00C04F79EFBC}") = "Presentacion11", "Presentacion11\Presentacion11.csproj", "{E66208C1-3E72-4090-917D-0360D429D58A}"
EndProject
Global
	GlobalSection(SolutionConfigurationPlatforms) = preSolution
		Debug|Any CPU = Debug|Any CPU
		Release|Any CPU = Release|Any CPU
	EndGlobalSection
	GlobalSection(ProjectConfigurationPlatforms) = postSolution
		{E66208C1-3E72-4090-917D-0360D429D58A}.Debug|Any CPU.ActiveCfg = Debug|Any CPU
		{E66208C1-3E72-4090-917D-0360D429D58A}.Debug|Any CPU.Build.0 = Debug|Any CPU
		{E66208C1-3E72-4090-917D-0360D429D58A}.Release|Any CPU.ActiveCfg = Release|Any CPU
		{E66208C1-3E72-4090-917D-0360D429D58A}.Release|Any CPU.Build.0 = Release|Any CPU
	EndGlobalSection
	GlobalSection(SolutionProperties) = preSolution
		HideSolutionNode = FALSE
	EndGlobalSection
	GlobalSection(ExtensibilityGlobals) = postSolution
		SolutionGuid = {26C01A29-A90D-4C36-8AD7-5AD46672DB54}
	EndGlobalSection
EndGlobal
