
Microsoft Visual Studio Solution File, Format Version 12.00
# Visual Studio Version 16
VisualStudioVersion = 16.0.30114.105
MinimumVisualStudioVersion = 10.0.40219.1
Project("{FAE04EC0-301F-11D3-BF4B-00C04F79EFBC}") = "Presentacion9", "Presentacion9\Presentacion9.csproj", "{1167A06C-6906-4E03-933E-3B1AF088FD52}"
EndProject
Global
	GlobalSection(SolutionConfigurationPlatforms) = preSolution
		Debug|Any CPU = Debug|Any CPU
		Release|Any CPU = Release|Any CPU
	EndGlobalSection
	GlobalSection(ProjectConfigurationPlatforms) = postSolution
		{1167A06C-6906-4E03-933E-3B1AF088FD52}.Debug|Any CPU.ActiveCfg = Debug|Any CPU
		{1167A06C-6906-4E03-933E-3B1AF088FD52}.Debug|Any CPU.Build.0 = Debug|Any CPU
		{1167A06C-6906-4E03-933E-3B1AF088FD52}.Release|Any CPU.ActiveCfg = Release|Any CPU
		{1167A06C-6906-4E03-933E-3B1AF088FD52}.Release|Any CPU.Build.0 = Release|Any CPU
	EndGlobalSection
	GlobalSection(SolutionProperties) = preSolution
		HideSolutionNode = FALSE
	EndGlobalSection
	GlobalSection(ExtensibilityGlobals) = postSolution
		SolutionGuid = {A7790888-05AD-43BC-B173-903B2A6CB3A7}
	EndGlobalSection
EndGlobal
