
Microsoft Visual Studio Solution File, Format Version 12.00
# Visual Studio Version 16
VisualStudioVersion = 16.0.30114.105
MinimumVisualStudioVersion = 10.0.40219.1
Project("{FAE04EC0-301F-11D3-BF4B-00C04F79EFBC}") = "MiNombre", "MiNombre.csproj", "{B4E37AA9-3C92-4455-BF9D-61C04D60A4C0}"
EndProject
Global
	GlobalSection(SolutionConfigurationPlatforms) = preSolution
		Debug|Any CPU = Debug|Any CPU
		Release|Any CPU = Release|Any CPU
	EndGlobalSection
	GlobalSection(ProjectConfigurationPlatforms) = postSolution
		{B4E37AA9-3C92-4455-BF9D-61C04D60A4C0}.Debug|Any CPU.ActiveCfg = Debug|Any CPU
		{B4E37AA9-3C92-4455-BF9D-61C04D60A4C0}.Debug|Any CPU.Build.0 = Debug|Any CPU
		{B4E37AA9-3C92-4455-BF9D-61C04D60A4C0}.Release|Any CPU.ActiveCfg = Release|Any CPU
		{B4E37AA9-3C92-4455-BF9D-61C04D60A4C0}.Release|Any CPU.Build.0 = Release|Any CPU
	EndGlobalSection
	GlobalSection(SolutionProperties) = preSolution
		HideSolutionNode = FALSE
	EndGlobalSection
	GlobalSection(ExtensibilityGlobals) = postSolution
		SolutionGuid = {94AE6EFC-BE0D-4D3E-B354-AA2F458AE9D6}
	EndGlobalSection
EndGlobal
